
Microsoft Visual Studio Solution File, Format Version 12.00
# Visual Studio Version 17
VisualStudioVersion = 17.11.35327.3
MinimumVisualStudioVersion = 10.0.40219.1
Project("{9A19103F-16F7-4668-BE54-9A1E7A4F7556}") = "FindArrayAssessment", "CSharpCodeAssesment\FindArrayAssessment.csproj", "{B24B19CF-4DE5-460B-B067-420A22EAFE64}"
EndProject
Project("{9A19103F-16F7-4668-BE54-9A1E7A4F7556}") = "EquilibriumIndexAssessment", "EquilibriumIndexAssessment\EquilibriumIndexAssessment.csproj", "{584EAE3B-00C3-49D0-BCF1-B145FB0D34E9}"
EndProject
Project("{9A19103F-16F7-4668-BE54-9A1E7A4F7556}") = "TriangleMaxPathAssessment", "TriangleMaxPathAssessment\TriangleMaxPathAssessment.csproj", "{47022D6F-2613-4B16-A7A4-1D3B87F63646}"
EndProject
Project("{9A19103F-16F7-4668-BE54-9A1E7A4F7556}") = "Practice", "Practice\Practice.csproj", "{A1EC1F13-CB52-42E5-9401-777A50934A39}"
EndProject
Project("{FAE04EC0-301F-11D3-BF4B-00C04F79EFBC}") = "SlidingWindow", "SlidingWindow\SlidingWindow.csproj", "{891B5B6A-9A57-4FFD-BE36-4CCDE6C681BD}"
EndProject
Global
	GlobalSection(SolutionConfigurationPlatforms) = preSolution
		Debug|Any CPU = Debug|Any CPU
		Release|Any CPU = Release|Any CPU
	EndGlobalSection
	GlobalSection(ProjectConfigurationPlatforms) = postSolution
		{B24B19CF-4DE5-460B-B067-420A22EAFE64}.Debug|Any CPU.ActiveCfg = Debug|Any CPU
		{B24B19CF-4DE5-460B-B067-420A22EAFE64}.Debug|Any CPU.Build.0 = Debug|Any CPU
		{B24B19CF-4DE5-460B-B067-420A22EAFE64}.Release|Any CPU.ActiveCfg = Release|Any CPU
		{B24B19CF-4DE5-460B-B067-420A22EAFE64}.Release|Any CPU.Build.0 = Release|Any CPU
		{584EAE3B-00C3-49D0-BCF1-B145FB0D34E9}.Debug|Any CPU.ActiveCfg = Debug|Any CPU
		{584EAE3B-00C3-49D0-BCF1-B145FB0D34E9}.Debug|Any CPU.Build.0 = Debug|Any CPU
		{584EAE3B-00C3-49D0-BCF1-B145FB0D34E9}.Release|Any CPU.ActiveCfg = Release|Any CPU
		{584EAE3B-00C3-49D0-BCF1-B145FB0D34E9}.Release|Any CPU.Build.0 = Release|Any CPU
		{47022D6F-2613-4B16-A7A4-1D3B87F63646}.Debug|Any CPU.ActiveCfg = Debug|Any CPU
		{47022D6F-2613-4B16-A7A4-1D3B87F63646}.Debug|Any CPU.Build.0 = Debug|Any CPU
		{47022D6F-2613-4B16-A7A4-1D3B87F63646}.Release|Any CPU.ActiveCfg = Release|Any CPU
		{47022D6F-2613-4B16-A7A4-1D3B87F63646}.Release|Any CPU.Build.0 = Release|Any CPU
		{A1EC1F13-CB52-42E5-9401-777A50934A39}.Debug|Any CPU.ActiveCfg = Debug|Any CPU
		{A1EC1F13-CB52-42E5-9401-777A50934A39}.Debug|Any CPU.Build.0 = Debug|Any CPU
		{A1EC1F13-CB52-42E5-9401-777A50934A39}.Release|Any CPU.ActiveCfg = Release|Any CPU
		{A1EC1F13-CB52-42E5-9401-777A50934A39}.Release|Any CPU.Build.0 = Release|Any CPU
		{891B5B6A-9A57-4FFD-BE36-4CCDE6C681BD}.Debug|Any CPU.ActiveCfg = Debug|Any CPU
		{891B5B6A-9A57-4FFD-BE36-4CCDE6C681BD}.Debug|Any CPU.Build.0 = Debug|Any CPU
		{891B5B6A-9A57-4FFD-BE36-4CCDE6C681BD}.Release|Any CPU.ActiveCfg = Release|Any CPU
		{891B5B6A-9A57-4FFD-BE36-4CCDE6C681BD}.Release|Any CPU.Build.0 = Release|Any CPU
	EndGlobalSection
	GlobalSection(SolutionProperties) = preSolution
		HideSolutionNode = FALSE
	EndGlobalSection
	GlobalSection(ExtensibilityGlobals) = postSolution
		SolutionGuid = {23BEB5DE-409C-4F2A-82E9-3F4CEE9C51AB}
	EndGlobalSection
EndGlobal
