
Microsoft Visual Studio Solution File, Format Version 12.00
# Visual Studio Version 17
VisualStudioVersion = 17.11.35327.3
MinimumVisualStudioVersion = 10.0.40219.1
Project("{FAE04EC0-301F-11D3-BF4B-00C04F79EFBC}") = "nodes-linked-lists", "nodes-linked-lists\nodes-linked-lists.csproj", "{0D0173B8-C631-4085-B1DD-687330932A14}"
EndProject
Global
	GlobalSection(SolutionConfigurationPlatforms) = preSolution
		Debug|Any CPU = Debug|Any CPU
		Release|Any CPU = Release|Any CPU
	EndGlobalSection
	GlobalSection(ProjectConfigurationPlatforms) = postSolution
		{0D0173B8-C631-4085-B1DD-687330932A14}.Debug|Any CPU.ActiveCfg = Debug|Any CPU
		{0D0173B8-C631-4085-B1DD-687330932A14}.Debug|Any CPU.Build.0 = Debug|Any CPU
		{0D0173B8-C631-4085-B1DD-687330932A14}.Release|Any CPU.ActiveCfg = Release|Any CPU
		{0D0173B8-C631-4085-B1DD-687330932A14}.Release|Any CPU.Build.0 = Release|Any CPU
	EndGlobalSection
	GlobalSection(SolutionProperties) = preSolution
		HideSolutionNode = FALSE
	EndGlobalSection
	GlobalSection(ExtensibilityGlobals) = postSolution
		SolutionGuid = {AAB3FCC0-7642-4BFA-A0B0-6F55EBFD513B}
	EndGlobalSection
EndGlobal
